
Microsoft Visual Studio Solution File, Format Version 12.00
# Visual Studio 15
Project("{FAE04EC0-301F-11D3-BF4B-00C04F79EFBC}") = "Assembly-CSharp", "Assembly-CSharp.csproj", "{4D189A14-A854-E62B-52BF-F9A78FDFEFDE}"
EndProject
Project("{FAE04EC0-301F-11D3-BF4B-00C04F79EFBC}") = "Assembly-CSharp-Editor", "Assembly-CSharp-Editor.csproj", "{3285D415-E796-5144-72D6-8F51F8986612}"
EndProject
Global
	GlobalSection(SolutionConfigurationPlatforms) = preSolution
		Debug|Any CPU = Debug|Any CPU
		Release|Any CPU = Release|Any CPU
	EndGlobalSection
	GlobalSection(ProjectConfigurationPlatforms) = postSolution
		{4D189A14-A854-E62B-52BF-F9A78FDFEFDE}.Debug|Any CPU.ActiveCfg = Debug|Any CPU
		{4D189A14-A854-E62B-52BF-F9A78FDFEFDE}.Debug|Any CPU.Build.0 = Debug|Any CPU
		{4D189A14-A854-E62B-52BF-F9A78FDFEFDE}.Release|Any CPU.ActiveCfg = Release|Any CPU
		{4D189A14-A854-E62B-52BF-F9A78FDFEFDE}.Release|Any CPU.Build.0 = Release|Any CPU
		{3285D415-E796-5144-72D6-8F51F8986612}.Debug|Any CPU.ActiveCfg = Debug|Any CPU
		{3285D415-E796-5144-72D6-8F51F8986612}.Debug|Any CPU.Build.0 = Debug|Any CPU
		{3285D415-E796-5144-72D6-8F51F8986612}.Release|Any CPU.ActiveCfg = Release|Any CPU
		{3285D415-E796-5144-72D6-8F51F8986612}.Release|Any CPU.Build.0 = Release|Any CPU
	EndGlobalSection
	GlobalSection(SolutionProperties) = preSolution
		HideSolutionNode = FALSE
	EndGlobalSection
EndGlobal
